<Solution>
  <Folder Name="/src/">
    <Project Path="src/Practice.Aspire.Net8.AppHost/Practice.Aspire.Net8.AppHost.csproj" />
    <Project Path="src/Practice.Aspire.Net8.WebApi/Practice.Aspire.Net8.WebApi.csproj" />
  </Folder>
  <Folder Name="/tests/">
    <Project Path="tests/Practice.Aspire.Net8.AppHost.Tests/Practice.Aspire.Net8.AppHost.Tests.csproj" />
  </Folder>
</Solution>
